
Microsoft Visual Studio Solution File, Format Version 12.00
# Visual Studio Version 17
VisualStudioVersion = 17.2.32526.322
MinimumVisualStudioVersion = 10.0.40219.1
Project("{9A19103F-16F7-4668-BE54-9A1E7A4F7556}") = "Day 1", "Day 1\Day 1.csproj", "{875311B8-B027-4A8C-8356-CB6306472AB7}"
EndProject
Project("{9A19103F-16F7-4668-BE54-9A1E7A4F7556}") = "Day 2", "Day 2\Day 2.csproj", "{2DCEDECB-D3DE-4CD3-9DEA-8E489FB68060}"
EndProject
Project("{9A19103F-16F7-4668-BE54-9A1E7A4F7556}") = "Day 3", "Day 3\Day 3.csproj", "{94475EC1-C683-41A5-BD28-9BB898D2D360}"
EndProject
Project("{9A19103F-16F7-4668-BE54-9A1E7A4F7556}") = "Day 4", "Day 4\Day 4.csproj", "{B3E3712A-8763-40D2-A992-F0D9821F5133}"
EndProject
Project("{9A19103F-16F7-4668-BE54-9A1E7A4F7556}") = "Day 5", "Day 5\Day 5.csproj", "{EC80828D-9284-4C69-9A9B-0BCF8BF6C60F}"
EndProject
Project("{FAE04EC0-301F-11D3-BF4B-00C04F79EFBC}") = "Day 6", "Day 6\Day 6.csproj", "{5E20C706-7811-4421-8724-C47474329CAC}"
EndProject
Global
	GlobalSection(SolutionConfigurationPlatforms) = preSolution
		Debug|Any CPU = Debug|Any CPU
		Release|Any CPU = Release|Any CPU
	EndGlobalSection
	GlobalSection(ProjectConfigurationPlatforms) = postSolution
		{875311B8-B027-4A8C-8356-CB6306472AB7}.Debug|Any CPU.ActiveCfg = Debug|Any CPU
		{875311B8-B027-4A8C-8356-CB6306472AB7}.Debug|Any CPU.Build.0 = Debug|Any CPU
		{875311B8-B027-4A8C-8356-CB6306472AB7}.Release|Any CPU.ActiveCfg = Release|Any CPU
		{875311B8-B027-4A8C-8356-CB6306472AB7}.Release|Any CPU.Build.0 = Release|Any CPU
		{2DCEDECB-D3DE-4CD3-9DEA-8E489FB68060}.Debug|Any CPU.ActiveCfg = Debug|Any CPU
		{2DCEDECB-D3DE-4CD3-9DEA-8E489FB68060}.Debug|Any CPU.Build.0 = Debug|Any CPU
		{2DCEDECB-D3DE-4CD3-9DEA-8E489FB68060}.Release|Any CPU.ActiveCfg = Release|Any CPU
		{2DCEDECB-D3DE-4CD3-9DEA-8E489FB68060}.Release|Any CPU.Build.0 = Release|Any CPU
		{94475EC1-C683-41A5-BD28-9BB898D2D360}.Debug|Any CPU.ActiveCfg = Debug|Any CPU
		{94475EC1-C683-41A5-BD28-9BB898D2D360}.Debug|Any CPU.Build.0 = Debug|Any CPU
		{94475EC1-C683-41A5-BD28-9BB898D2D360}.Release|Any CPU.ActiveCfg = Release|Any CPU
		{94475EC1-C683-41A5-BD28-9BB898D2D360}.Release|Any CPU.Build.0 = Release|Any CPU
		{B3E3712A-8763-40D2-A992-F0D9821F5133}.Debug|Any CPU.ActiveCfg = Debug|Any CPU
		{B3E3712A-8763-40D2-A992-F0D9821F5133}.Debug|Any CPU.Build.0 = Debug|Any CPU
		{B3E3712A-8763-40D2-A992-F0D9821F5133}.Release|Any CPU.ActiveCfg = Release|Any CPU
		{B3E3712A-8763-40D2-A992-F0D9821F5133}.Release|Any CPU.Build.0 = Release|Any CPU
		{EC80828D-9284-4C69-9A9B-0BCF8BF6C60F}.Debug|Any CPU.ActiveCfg = Debug|Any CPU
		{EC80828D-9284-4C69-9A9B-0BCF8BF6C60F}.Debug|Any CPU.Build.0 = Debug|Any CPU
		{EC80828D-9284-4C69-9A9B-0BCF8BF6C60F}.Release|Any CPU.ActiveCfg = Release|Any CPU
		{EC80828D-9284-4C69-9A9B-0BCF8BF6C60F}.Release|Any CPU.Build.0 = Release|Any CPU
		{5E20C706-7811-4421-8724-C47474329CAC}.Debug|Any CPU.ActiveCfg = Debug|Any CPU
		{5E20C706-7811-4421-8724-C47474329CAC}.Debug|Any CPU.Build.0 = Debug|Any CPU
		{5E20C706-7811-4421-8724-C47474329CAC}.Release|Any CPU.ActiveCfg = Release|Any CPU
		{5E20C706-7811-4421-8724-C47474329CAC}.Release|Any CPU.Build.0 = Release|Any CPU
	EndGlobalSection
	GlobalSection(SolutionProperties) = preSolution
		HideSolutionNode = FALSE
	EndGlobalSection
	GlobalSection(ExtensibilityGlobals) = postSolution
		SolutionGuid = {C2F244A0-D0F9-4931-B496-22E872166DDF}
	EndGlobalSection
EndGlobal
